
Microsoft Visual Studio Solution File, Format Version 12.00
# Visual Studio Version 16
VisualStudioVersion = 16.0.30621.155
MinimumVisualStudioVersion = 10.0.40219.1
Project("{FAE04EC0-301F-11D3-BF4B-00C04F79EFBC}") = "Jagex_Programming_Test", "Jagex_Programming_Test\Jagex_Programming_Test.csproj", "{9AD1D7C8-C48A-4865-97A8-057A8C24B932}"
EndProject
Global
	GlobalSection(SolutionConfigurationPlatforms) = preSolution
		Debug|Any CPU = Debug|Any CPU
		Release|Any CPU = Release|Any CPU
	EndGlobalSection
	GlobalSection(ProjectConfigurationPlatforms) = postSolution
		{9AD1D7C8-C48A-4865-97A8-057A8C24B932}.Debug|Any CPU.ActiveCfg = Debug|Any CPU
		{9AD1D7C8-C48A-4865-97A8-057A8C24B932}.Debug|Any CPU.Build.0 = Debug|Any CPU
		{9AD1D7C8-C48A-4865-97A8-057A8C24B932}.Release|Any CPU.ActiveCfg = Release|Any CPU
		{9AD1D7C8-C48A-4865-97A8-057A8C24B932}.Release|Any CPU.Build.0 = Release|Any CPU
	EndGlobalSection
	GlobalSection(SolutionProperties) = preSolution
		HideSolutionNode = FALSE
	EndGlobalSection
	GlobalSection(ExtensibilityGlobals) = postSolution
		SolutionGuid = {838AE759-5EA0-4C53-9622-ED30567C97AB}
	EndGlobalSection
EndGlobal
